// !$*UTF8*$!
{
	archiveVersion = 1;
	classes = {
	};
	objectVersion = 48;
	objects = {

/* Begin PBXBuildFile section */
		A764DF6420BBE7BA000763AB /* WKJSInterface.m in Sources */ = {isa = PBXBuildFile; fileRef = A764DF6320BBE7BA000763AB /* WKJSInterface.m */; };
		A76A5E40200DA4D9001353BF /* AppDelegate.m in Sources */ = {isa = PBXBuildFile; fileRef = A76A5E3F200DA4D9001353BF /* AppDelegate.m */; };
		A76A5E43200DA4D9001353BF /* ViewController.m in Sources */ = {isa = PBXBuildFile; fileRef = A76A5E42200DA4D9001353BF /* ViewController.m */; };
		A76A5E46200DA4D9001353BF /* Main.storyboard in Resources */ = {isa = PBXBuildFile; fileRef = A76A5E44200DA4D9001353BF /* Main.storyboard */; };
		A76A5E48200DA4D9001353BF /* Assets.xcassets in Resources */ = {isa = PBXBuildFile; fileRef = A76A5E47200DA4D9001353BF /* Assets.xcassets */; };
		A76A5E4B200DA4D9001353BF /* LaunchScreen.storyboard in Resources */ = {isa = PBXBuildFile; fileRef = A76A5E49200DA4D9001353BF /* LaunchScreen.storyboard */; };
		A76A5E4E200DA4D9001353BF /* main.m in Sources */ = {isa = PBXBuildFile; fileRef = A76A5E4D200DA4D9001353BF /* main.m */; };
		A76A5E63200DDE31001353BF /* 编写高质量iOS代码的52个有效方法.pdf in Resources */ = {isa = PBXBuildFile; fileRef = A76A5E62200DDE31001353BF /* 编写高质量iOS代码的52个有效方法.pdf */; };
		A76A5E65200DE1B4001353BF /* 张小龙发布2018微信全新计划.txt in Resources */ = {isa = PBXBuildFile; fileRef = A76A5E64200DE1B4001353BF /* 张小龙发布2018微信全新计划.txt */; };
		A76A5E67200DE33D001353BF /* 考勤.doc in Resources */ = {isa = PBXBuildFile; fileRef = A76A5E66200DE33D001353BF /* 考勤.doc */; };
		A76A5E6A200DE36B001353BF /* UseWebViewVC.m in Sources */ = {isa = PBXBuildFile; fileRef = A76A5E69200DE36B001353BF /* UseWebViewVC.m */; };
		A76A5E71200E0C98001353BF /* WKVSJSViewController.m in Sources */ = {isa = PBXBuildFile; fileRef = A76A5E70200E0C98001353BF /* WKVSJSViewController.m */; };
		A76A5E75200EF1CB001353BF /* test.html in Resources */ = {isa = PBXBuildFile; fileRef = A76A5E74200EF1CB001353BF /* test.html */; };
		A76A5E78200F5311001353BF /* CJHandlerVC.m in Sources */ = {isa = PBXBuildFile; fileRef = A76A5E77200F5311001353BF /* CJHandlerVC.m */; };
		A76A5E7A20104DE5001353BF /* VideoTest.html in Resources */ = {isa = PBXBuildFile; fileRef = A76A5E7920104DE5001353BF /* VideoTest.html */; };
		A7DEE7E620746ED600B6D71B /* WebViewJavascriptBridgeBase.m in Sources */ = {isa = PBXBuildFile; fileRef = A7DEE7DE20746ED600B6D71B /* WebViewJavascriptBridgeBase.m */; };
		A7DEE7E720746ED600B6D71B /* WKWebViewJavascriptBridge.m in Sources */ = {isa = PBXBuildFile; fileRef = A7DEE7DF20746ED600B6D71B /* WKWebViewJavascriptBridge.m */; };
		A7DEE7E820746ED600B6D71B /* WebViewJavascriptBridge.m in Sources */ = {isa = PBXBuildFile; fileRef = A7DEE7E020746ED600B6D71B /* WebViewJavascriptBridge.m */; };
		A7DEE7E920746ED600B6D71B /* WebViewJavascriptBridge_JS.m in Sources */ = {isa = PBXBuildFile; fileRef = A7DEE7E320746ED600B6D71B /* WebViewJavascriptBridge_JS.m */; };
		A7DEE7EB2074772100B6D71B /* JavascriptBridge.html in Resources */ = {isa = PBXBuildFile; fileRef = A7DEE7EA2074772000B6D71B /* JavascriptBridge.html */; };
		A7DEE7EE20747BAA00B6D71B /* WebViewJavascriptBridgeTest.m in Sources */ = {isa = PBXBuildFile; fileRef = A7DEE7ED20747BAA00B6D71B /* WebViewJavascriptBridgeTest.m */; };
/* End PBXBuildFile section */

/* Begin PBXFileReference section */
		A764DF6220BBE7BA000763AB /* WKJSInterface.h */ = {isa = PBXFileReference; lastKnownFileType = sourcecode.c.h; path = WKJSInterface.h; sourceTree = "<group>"; };
		A764DF6320BBE7BA000763AB /* WKJSInterface.m */ = {isa = PBXFileReference; lastKnownFileType = sourcecode.c.objc; path = WKJSInterface.m; sourceTree = "<group>"; };
		A76A5E3B200DA4D9001353BF /* CJWebView.app */ = {isa = PBXFileReference; explicitFileType = wrapper.application; includeInIndex = 0; path = CJWebView.app; sourceTree = BUILT_PRODUCTS_DIR; };
		A76A5E3E200DA4D9001353BF /* AppDelegate.h */ = {isa = PBXFileReference; lastKnownFileType = sourcecode.c.h; path = AppDelegate.h; sourceTree = "<group>"; };
		A76A5E3F200DA4D9001353BF /* AppDelegate.m */ = {isa = PBXFileReference; lastKnownFileType = sourcecode.c.objc; path = AppDelegate.m; sourceTree = "<group>"; };
		A76A5E41200DA4D9001353BF /* ViewController.h */ = {isa = PBXFileReference; lastKnownFileType = sourcecode.c.h; path = ViewController.h; sourceTree = "<group>"; };
		A76A5E42200DA4D9001353BF /* ViewController.m */ = {isa = PBXFileReference; lastKnownFileType = sourcecode.c.objc; path = ViewController.m; sourceTree = "<group>"; };
		A76A5E45200DA4D9001353BF /* Base */ = {isa = PBXFileReference; lastKnownFileType = file.storyboard; name = Base; path = Base.lproj/Main.storyboard; sourceTree = "<group>"; };
		A76A5E47200DA4D9001353BF /* Assets.xcassets */ = {isa = PBXFileReference; lastKnownFileType = folder.assetcatalog; path = Assets.xcassets; sourceTree = "<group>"; };
		A76A5E4A200DA4D9001353BF /* Base */ = {isa = PBXFileReference; lastKnownFileType = file.storyboard; name = Base; path = Base.lproj/LaunchScreen.storyboard; sourceTree = "<group>"; };
		A76A5E4C200DA4D9001353BF /* Info.plist */ = {isa = PBXFileReference; lastKnownFileType = text.plist.xml; path = Info.plist; sourceTree = "<group>"; };
		A76A5E4D200DA4D9001353BF /* main.m */ = {isa = PBXFileReference; lastKnownFileType = sourcecode.c.objc; path = main.m; sourceTree = "<group>"; };
		A76A5E62200DDE31001353BF /* 编写高质量iOS代码的52个有效方法.pdf */ = {isa = PBXFileReference; lastKnownFileType = image.pdf; path = "编写高质量iOS代码的52个有效方法.pdf"; sourceTree = "<group>"; };
		A76A5E64200DE1B4001353BF /* 张小龙发布2018微信全新计划.txt */ = {isa = PBXFileReference; fileEncoding = 4; lastKnownFileType = text; path = "张小龙发布2018微信全新计划.txt"; sourceTree = "<group>"; };
		A76A5E66200DE33D001353BF /* 考勤.doc */ = {isa = PBXFileReference; lastKnownFileType = file; path = "考勤.doc"; sourceTree = "<group>"; };
		A76A5E68200DE36B001353BF /* UseWebViewVC.h */ = {isa = PBXFileReference; lastKnownFileType = sourcecode.c.h; path = UseWebViewVC.h; sourceTree = "<group>"; };
		A76A5E69200DE36B001353BF /* UseWebViewVC.m */ = {isa = PBXFileReference; lastKnownFileType = sourcecode.c.objc; path = UseWebViewVC.m; sourceTree = "<group>"; };
		A76A5E6F200E0C98001353BF /* WKVSJSViewController.h */ = {isa = PBXFileReference; lastKnownFileType = sourcecode.c.h; path = WKVSJSViewController.h; sourceTree = "<group>"; };
		A76A5E70200E0C98001353BF /* WKVSJSViewController.m */ = {isa = PBXFileReference; lastKnownFileType = sourcecode.c.objc; path = WKVSJSViewController.m; sourceTree = "<group>"; };
		A76A5E74200EF1CB001353BF /* test.html */ = {isa = PBXFileReference; fileEncoding = 4; lastKnownFileType = text.html; path = test.html; sourceTree = "<group>"; };
		A76A5E76200F5311001353BF /* CJHandlerVC.h */ = {isa = PBXFileReference; lastKnownFileType = sourcecode.c.h; path = CJHandlerVC.h; sourceTree = "<group>"; };
		A76A5E77200F5311001353BF /* CJHandlerVC.m */ = {isa = PBXFileReference; lastKnownFileType = sourcecode.c.objc; path = CJHandlerVC.m; sourceTree = "<group>"; };
		A76A5E7920104DE5001353BF /* VideoTest.html */ = {isa = PBXFileReference; fileEncoding = 4; lastKnownFileType = text.html; path = VideoTest.html; sourceTree = "<group>"; };
		A77672F1221567AF00016A22 /* WKJSFunction.h */ = {isa = PBXFileReference; lastKnownFileType = sourcecode.c.h; path = WKJSFunction.h; sourceTree = "<group>"; };
		A7DEE7DE20746ED600B6D71B /* WebViewJavascriptBridgeBase.m */ = {isa = PBXFileReference; fileEncoding = 4; lastKnownFileType = sourcecode.c.objc; path = WebViewJavascriptBridgeBase.m; sourceTree = "<group>"; };
		A7DEE7DF20746ED600B6D71B /* WKWebViewJavascriptBridge.m */ = {isa = PBXFileReference; fileEncoding = 4; lastKnownFileType = sourcecode.c.objc; path = WKWebViewJavascriptBridge.m; sourceTree = "<group>"; };
		A7DEE7E020746ED600B6D71B /* WebViewJavascriptBridge.m */ = {isa = PBXFileReference; fileEncoding = 4; lastKnownFileType = sourcecode.c.objc; path = WebViewJavascriptBridge.m; sourceTree = "<group>"; };
		A7DEE7E120746ED600B6D71B /* WebViewJavascriptBridge_JS.h */ = {isa = PBXFileReference; fileEncoding = 4; lastKnownFileType = sourcecode.c.h; path = WebViewJavascriptBridge_JS.h; sourceTree = "<group>"; };
		A7DEE7E220746ED600B6D71B /* WebViewJavascriptBridgeBase.h */ = {isa = PBXFileReference; fileEncoding = 4; lastKnownFileType = sourcecode.c.h; path = WebViewJavascriptBridgeBase.h; sourceTree = "<group>"; };
		A7DEE7E320746ED600B6D71B /* WebViewJavascriptBridge_JS.m */ = {isa = PBXFileReference; fileEncoding = 4; lastKnownFileType = sourcecode.c.objc; path = WebViewJavascriptBridge_JS.m; sourceTree = "<group>"; };
		A7DEE7E420746ED600B6D71B /* WebViewJavascriptBridge.h */ = {isa = PBXFileReference; fileEncoding = 4; lastKnownFileType = sourcecode.c.h; path = WebViewJavascriptBridge.h; sourceTree = "<group>"; };
		A7DEE7E520746ED600B6D71B /* WKWebViewJavascriptBridge.h */ = {isa = PBXFileReference; fileEncoding = 4; lastKnownFileType = sourcecode.c.h; path = WKWebViewJavascriptBridge.h; sourceTree = "<group>"; };
		A7DEE7EA2074772000B6D71B /* JavascriptBridge.html */ = {isa = PBXFileReference; fileEncoding = 4; lastKnownFileType = text.html; path = JavascriptBridge.html; sourceTree = "<group>"; };
		A7DEE7EC20747BAA00B6D71B /* WebViewJavascriptBridgeTest.h */ = {isa = PBXFileReference; lastKnownFileType = sourcecode.c.h; path = WebViewJavascriptBridgeTest.h; sourceTree = "<group>"; };
		A7DEE7ED20747BAA00B6D71B /* WebViewJavascriptBridgeTest.m */ = {isa = PBXFileReference; lastKnownFileType = sourcecode.c.objc; path = WebViewJavascriptBridgeTest.m; sourceTree = "<group>"; };
/* End PBXFileReference section */

/* Begin PBXFrameworksBuildPhase section */
		A76A5E38200DA4D9001353BF /* Frameworks */ = {
			isa = PBXFrameworksBuildPhase;
			buildActionMask = 2147483647;
			files = (
			);
			runOnlyForDeploymentPostprocessing = 0;
		};
/* End PBXFrameworksBuildPhase section */

/* Begin PBXGroup section */
		A76A5E32200DA4D9001353BF = {
			isa = PBXGroup;
			children = (
				A76A5E3D200DA4D9001353BF /* CJWebView */,
				A76A5E3C200DA4D9001353BF /* Products */,
			);
			sourceTree = "<group>";
		};
		A76A5E3C200DA4D9001353BF /* Products */ = {
			isa = PBXGroup;
			children = (
				A76A5E3B200DA4D9001353BF /* CJWebView.app */,
			);
			name = Products;
			sourceTree = "<group>";
		};
		A76A5E3D200DA4D9001353BF /* CJWebView */ = {
			isa = PBXGroup;
			children = (
				A7DEE7DD20746ED600B6D71B /* WebViewJavascriptBridge */,
				A76A5E61200DDD20001353BF /* res */,
				A76A5E3E200DA4D9001353BF /* AppDelegate.h */,
				A76A5E3F200DA4D9001353BF /* AppDelegate.m */,
				A76A5E41200DA4D9001353BF /* ViewController.h */,
				A76A5E42200DA4D9001353BF /* ViewController.m */,
				A76A5E6F200E0C98001353BF /* WKVSJSViewController.h */,
				A76A5E70200E0C98001353BF /* WKVSJSViewController.m */,
				A77672F1221567AF00016A22 /* WKJSFunction.h */,
				A764DF6220BBE7BA000763AB /* WKJSInterface.h */,
				A764DF6320BBE7BA000763AB /* WKJSInterface.m */,
				A7DEE7EC20747BAA00B6D71B /* WebViewJavascriptBridgeTest.h */,
				A7DEE7ED20747BAA00B6D71B /* WebViewJavascriptBridgeTest.m */,
				A76A5E76200F5311001353BF /* CJHandlerVC.h */,
				A76A5E77200F5311001353BF /* CJHandlerVC.m */,
				A76A5E68200DE36B001353BF /* UseWebViewVC.h */,
				A76A5E69200DE36B001353BF /* UseWebViewVC.m */,
				A76A5E44200DA4D9001353BF /* Main.storyboard */,
				A76A5E47200DA4D9001353BF /* Assets.xcassets */,
				A76A5E49200DA4D9001353BF /* LaunchScreen.storyboard */,
				A76A5E4C200DA4D9001353BF /* Info.plist */,
				A76A5E4D200DA4D9001353BF /* main.m */,
			);
			path = CJWebView;
			sourceTree = "<group>";
		};
		A76A5E61200DDD20001353BF /* res */ = {
			isa = PBXGroup;
			children = (
				A7DEE7EA2074772000B6D71B /* JavascriptBridge.html */,
				A76A5E7920104DE5001353BF /* VideoTest.html */,
				A76A5E74200EF1CB001353BF /* test.html */,
				A76A5E66200DE33D001353BF /* 考勤.doc */,
				A76A5E64200DE1B4001353BF /* 张小龙发布2018微信全新计划.txt */,
				A76A5E62200DDE31001353BF /* 编写高质量iOS代码的52个有效方法.pdf */,
			);
			path = res;
			sourceTree = "<group>";
		};
		A7DEE7DD20746ED600B6D71B /* WebViewJavascriptBridge */ = {
			isa = PBXGroup;
			children = (
				A7DEE7E220746ED600B6D71B /* WebViewJavascriptBridgeBase.h */,
				A7DEE7DE20746ED600B6D71B /* WebViewJavascriptBridgeBase.m */,
				A7DEE7E520746ED600B6D71B /* WKWebViewJavascriptBridge.h */,
				A7DEE7DF20746ED600B6D71B /* WKWebViewJavascriptBridge.m */,
				A7DEE7E420746ED600B6D71B /* WebViewJavascriptBridge.h */,
				A7DEE7E020746ED600B6D71B /* WebViewJavascriptBridge.m */,
				A7DEE7E120746ED600B6D71B /* WebViewJavascriptBridge_JS.h */,
				A7DEE7E320746ED600B6D71B /* WebViewJavascriptBridge_JS.m */,
			);
			path = WebViewJavascriptBridge;
			sourceTree = "<group>";
		};
/* End PBXGroup section */

/* Begin PBXNativeTarget section */
		A76A5E3A200DA4D9001353BF /* CJWebView */ = {
			isa = PBXNativeTarget;
			buildConfigurationList = A76A5E51200DA4D9001353BF /* Build configuration list for PBXNativeTarget "CJWebView" */;
			buildPhases = (
				A76A5E37200DA4D9001353BF /* Sources */,
				A76A5E38200DA4D9001353BF /* Frameworks */,
				A76A5E39200DA4D9001353BF /* Resources */,
			);
			buildRules = (
			);
			dependencies = (
			);
			name = CJWebView;
			productName = CJWebView;
			productReference = A76A5E3B200DA4D9001353BF /* CJWebView.app */;
			productType = "com.apple.product-type.application";
		};
/* End PBXNativeTarget section */

/* Begin PBXProject section */
		A76A5E33200DA4D9001353BF /* Project object */ = {
			isa = PBXProject;
			attributes = {
				LastUpgradeCheck = 0930;
				ORGANIZATIONNAME = "hyd-cjx";
				TargetAttributes = {
					A76A5E3A200DA4D9001353BF = {
						CreatedOnToolsVersion = 9.2;
						ProvisioningStyle = Automatic;
					};
				};
			};
			buildConfigurationList = A76A5E36200DA4D9001353BF /* Build configuration list for PBXProject "CJWebView" */;
			compatibilityVersion = "Xcode 8.0";
			developmentRegion = en;
			hasScannedForEncodings = 0;
			knownRegions = (
				en,
				Base,
			);
			mainGroup = A76A5E32200DA4D9001353BF;
			productRefGroup = A76A5E3C200DA4D9001353BF /* Products */;
			projectDirPath = "";
			projectRoot = "";
			targets = (
				A76A5E3A200DA4D9001353BF /* CJWebView */,
			);
		};
/* End PBXProject section */

/* Begin PBXResourcesBuildPhase section */
		A76A5E39200DA4D9001353BF /* Resources */ = {
			isa = PBXResourcesBuildPhase;
			buildActionMask = 2147483647;
			files = (
				A7DEE7EB2074772100B6D71B /* JavascriptBridge.html in Resources */,
				A76A5E7A20104DE5001353BF /* VideoTest.html in Resources */,
				A76A5E4B200DA4D9001353BF /* LaunchScreen.storyboard in Resources */,
				A76A5E67200DE33D001353BF /* 考勤.doc in Resources */,
				A76A5E65200DE1B4001353BF /* 张小龙发布2018微信全新计划.txt in Resources */,
				A76A5E75200EF1CB001353BF /* test.html in Resources */,
				A76A5E48200DA4D9001353BF /* Assets.xcassets in Resources */,
				A76A5E46200DA4D9001353BF /* Main.storyboard in Resources */,
				A76A5E63200DDE31001353BF /* 编写高质量iOS代码的52个有效方法.pdf in Resources */,
			);
			runOnlyForDeploymentPostprocessing = 0;
		};
/* End PBXResourcesBuildPhase section */

/* Begin PBXSourcesBuildPhase section */
		A76A5E37200DA4D9001353BF /* Sources */ = {
			isa = PBXSourcesBuildPhase;
			buildActionMask = 2147483647;
			files = (
				A76A5E6A200DE36B001353BF /* UseWebViewVC.m in Sources */,
				A7DEE7E820746ED600B6D71B /* WebViewJavascriptBridge.m in Sources */,
				A76A5E43200DA4D9001353BF /* ViewController.m in Sources */,
				A76A5E4E200DA4D9001353BF /* main.m in Sources */,
				A7DEE7E920746ED600B6D71B /* WebViewJavascriptBridge_JS.m in Sources */,
				A76A5E40200DA4D9001353BF /* AppDelegate.m in Sources */,
				A764DF6420BBE7BA000763AB /* WKJSInterface.m in Sources */,
				A7DEE7E620746ED600B6D71B /* WebViewJavascriptBridgeBase.m in Sources */,
				A7DEE7E720746ED600B6D71B /* WKWebViewJavascriptBridge.m in Sources */,
				A76A5E78200F5311001353BF /* CJHandlerVC.m in Sources */,
				A76A5E71200E0C98001353BF /* WKVSJSViewController.m in Sources */,
				A7DEE7EE20747BAA00B6D71B /* WebViewJavascriptBridgeTest.m in Sources */,
			);
			runOnlyForDeploymentPostprocessing = 0;
		};
/* End PBXSourcesBuildPhase section */

/* Begin PBXVariantGroup section */
		A76A5E44200DA4D9001353BF /* Main.storyboard */ = {
			isa = PBXVariantGroup;
			children = (
				A76A5E45200DA4D9001353BF /* Base */,
			);
			name = Main.storyboard;
			sourceTree = "<group>";
		};
		A76A5E49200DA4D9001353BF /* LaunchScreen.storyboard */ = {
			isa = PBXVariantGroup;
			children = (
				A76A5E4A200DA4D9001353BF /* Base */,
			);
			name = LaunchScreen.storyboard;
			sourceTree = "<group>";
		};
/* End PBXVariantGroup section */

/* Begin XCBuildConfiguration section */
		A76A5E4F200DA4D9001353BF /* Debug */ = {
			isa = XCBuildConfiguration;
			buildSettings = {
				ALWAYS_SEARCH_USER_PATHS = NO;
				CLANG_ANALYZER_NONNULL = YES;
				CLANG_ANALYZER_NUMBER_OBJECT_CONVERSION = YES_AGGRESSIVE;
				CLANG_CXX_LANGUAGE_STANDARD = "gnu++14";
				CLANG_CXX_LIBRARY = "libc++";
				CLANG_ENABLE_MODULES = YES;
				CLANG_ENABLE_OBJC_ARC = YES;
				CLANG_WARN_BLOCK_CAPTURE_AUTORELEASING = YES;
				CLANG_WARN_BOOL_CONVERSION = YES;
				CLANG_WARN_COMMA = YES;
				CLANG_WARN_CONSTANT_CONVERSION = YES;
				CLANG_WARN_DEPRECATED_OBJC_IMPLEMENTATIONS = YES;
				CLANG_WARN_DIRECT_OBJC_ISA_USAGE = YES_ERROR;
				CLANG_WARN_DOCUMENTATION_COMMENTS = YES;
				CLANG_WARN_EMPTY_BODY = YES;
				CLANG_WARN_ENUM_CONVERSION = YES;
				CLANG_WARN_INFINITE_RECURSION = YES;
				CLANG_WARN_INT_CONVERSION = YES;
				CLANG_WARN_NON_LITERAL_NULL_CONVERSION = YES;
				CLANG_WARN_OBJC_IMPLICIT_RETAIN_SELF = YES;
				CLANG_WARN_OBJC_LITERAL_CONVERSION = YES;
				CLANG_WARN_OBJC_ROOT_CLASS = YES_ERROR;
				CLANG_WARN_RANGE_LOOP_ANALYSIS = YES;
				CLANG_WARN_STRICT_PROTOTYPES = YES;
				CLANG_WARN_SUSPICIOUS_MOVE = YES;
				CLANG_WARN_UNGUARDED_AVAILABILITY = YES_AGGRESSIVE;
				CLANG_WARN_UNREACHABLE_CODE = YES;
				CLANG_WARN__DUPLICATE_METHOD_MATCH = YES;
				CODE_SIGN_IDENTITY = "iPhone Developer";
				COPY_PHASE_STRIP = NO;
				DEBUG_INFORMATION_FORMAT = dwarf;
				ENABLE_STRICT_OBJC_MSGSEND = YES;
				ENABLE_TESTABILITY = YES;
				GCC_C_LANGUAGE_STANDARD = gnu11;
				GCC_DYNAMIC_NO_PIC = NO;
				GCC_NO_COMMON_BLOCKS = YES;
				GCC_OPTIMIZATION_LEVEL = 0;
				GCC_PREPROCESSOR_DEFINITIONS = (
					"DEBUG=1",
					"$(inherited)",
				);
				GCC_WARN_64_TO_32_BIT_CONVERSION = YES;
				GCC_WARN_ABOUT_RETURN_TYPE = YES_ERROR;
				GCC_WARN_UNDECLARED_SELECTOR = YES;
				GCC_WARN_UNINITIALIZED_AUTOS = YES_AGGRESSIVE;
				GCC_WARN_UNUSED_FUNCTION = YES;
				GCC_WARN_UNUSED_VARIABLE = YES;
				IPHONEOS_DEPLOYMENT_TARGET = 11.2;
				MTL_ENABLE_DEBUG_INFO = YES;
				ONLY_ACTIVE_ARCH = YES;
				SDKROOT = iphoneos;
			};
			name = Debug;
		};
		A76A5E50200DA4D9001353BF /* Release */ = {
			isa = XCBuildConfiguration;
			buildSettings = {
				ALWAYS_SEARCH_USER_PATHS = NO;
				CLANG_ANALYZER_NONNULL = YES;
				CLANG_ANALYZER_NUMBER_OBJECT_CONVERSION = YES_AGGRESSIVE;
				CLANG_CXX_LANGUAGE_STANDARD = "gnu++14";
				CLANG_CXX_LIBRARY = "libc++";
				CLANG_ENABLE_MODULES = YES;
				CLANG_ENABLE_OBJC_ARC = YES;
				CLANG_WARN_BLOCK_CAPTURE_AUTORELEASING = YES;
				CLANG_WARN_BOOL_CONVERSION = YES;
				CLANG_WARN_COMMA = YES;
				CLANG_WARN_CONSTANT_CONVERSION = YES;
				CLANG_WARN_DEPRECATED_OBJC_IMPLEMENTATIONS = YES;
				CLANG_WARN_DIRECT_OBJC_ISA_USAGE = YES_ERROR;
				CLANG_WARN_DOCUMENTATION_COMMENTS = YES;
				CLANG_WARN_EMPTY_BODY = YES;
				CLANG_WARN_ENUM_CONVERSION = YES;
				CLANG_WARN_INFINITE_RECURSION = YES;
				CLANG_WARN_INT_CONVERSION = YES;
				CLANG_WARN_NON_LITERAL_NULL_CONVERSION = YES;
				CLANG_WARN_OBJC_IMPLICIT_RETAIN_SELF = YES;
				CLANG_WARN_OBJC_LITERAL_CONVERSION = YES;
				CLANG_WARN_OBJC_ROOT_CLASS = YES_ERROR;
				CLANG_WARN_RANGE_LOOP_ANALYSIS = YES;
				CLANG_WARN_STRICT_PROTOTYPES = YES;
				CLANG_WARN_SUSPICIOUS_MOVE = YES;
				CLANG_WARN_UNGUARDED_AVAILABILITY = YES_AGGRESSIVE;
				CLANG_WARN_UNREACHABLE_CODE = YES;
				CLANG_WARN__DUPLICATE_METHOD_MATCH = YES;
				CODE_SIGN_IDENTITY = "iPhone Developer";
				COPY_PHASE_STRIP = NO;
				DEBUG_INFORMATION_FORMAT = "dwarf-with-dsym";
				ENABLE_NS_ASSERTIONS = NO;
				ENABLE_STRICT_OBJC_MSGSEND = YES;
				GCC_C_LANGUAGE_STANDARD = gnu11;
				GCC_NO_COMMON_BLOCKS = YES;
				GCC_WARN_64_TO_32_BIT_CONVERSION = YES;
				GCC_WARN_ABOUT_RETURN_TYPE = YES_ERROR;
				GCC_WARN_UNDECLARED_SELECTOR = YES;
				GCC_WARN_UNINITIALIZED_AUTOS = YES_AGGRESSIVE;
				GCC_WARN_UNUSED_FUNCTION = YES;
				GCC_WARN_UNUSED_VARIABLE = YES;
				IPHONEOS_DEPLOYMENT_TARGET = 11.2;
				MTL_ENABLE_DEBUG_INFO = NO;
				SDKROOT = iphoneos;
				VALIDATE_PRODUCT = YES;
			};
			name = Release;
		};
		A76A5E52200DA4D9001353BF /* Debug */ = {
			isa = XCBuildConfiguration;
			buildSettings = {
				ASSETCATALOG_COMPILER_APPICON_NAME = AppIcon;
				"CODE_SIGN_IDENTITY[sdk=iphoneos*]" = "iPhone Developer";
				CODE_SIGN_STYLE = Automatic;
				DEVELOPMENT_TEAM = H89E4B6ACW;
				INFOPLIST_FILE = CJWebView/Info.plist;
				IPHONEOS_DEPLOYMENT_TARGET = 9.0;
				LD_RUNPATH_SEARCH_PATHS = "$(inherited) @executable_path/Frameworks";
				PRODUCT_BUNDLE_IDENTIFIER = com.jay.cjtextview;
				PRODUCT_NAME = "$(TARGET_NAME)";
				PROVISIONING_PROFILE = "";
				PROVISIONING_PROFILE_SPECIFIER = "";
				TARGETED_DEVICE_FAMILY = "1,2";
			};
			name = Debug;
		};
		A76A5E53200DA4D9001353BF /* Release */ = {
			isa = XCBuildConfiguration;
			buildSettings = {
				ASSETCATALOG_COMPILER_APPICON_NAME = AppIcon;
				"CODE_SIGN_IDENTITY[sdk=iphoneos*]" = "iPhone Developer";
				CODE_SIGN_STYLE = Automatic;
				DEVELOPMENT_TEAM = H89E4B6ACW;
				INFOPLIST_FILE = CJWebView/Info.plist;
				IPHONEOS_DEPLOYMENT_TARGET = 9.0;
				LD_RUNPATH_SEARCH_PATHS = "$(inherited) @executable_path/Frameworks";
				PRODUCT_BUNDLE_IDENTIFIER = com.jay.cjtextview;
				PRODUCT_NAME = "$(TARGET_NAME)";
				PROVISIONING_PROFILE = "";
				PROVISIONING_PROFILE_SPECIFIER = "";
				TARGETED_DEVICE_FAMILY = "1,2";
			};
			name = Release;
		};
/* End XCBuildConfiguration section */

/* Begin XCConfigurationList section */
		A76A5E36200DA4D9001353BF /* Build configuration list for PBXProject "CJWebView" */ = {
			isa = XCConfigurationList;
			buildConfigurations = (
				A76A5E4F200DA4D9001353BF /* Debug */,
				A76A5E50200DA4D9001353BF /* Release */,
			);
			defaultConfigurationIsVisible = 0;
			defaultConfigurationName = Release;
		};
		A76A5E51200DA4D9001353BF /* Build configuration list for PBXNativeTarget "CJWebView" */ = {
			isa = XCConfigurationList;
			buildConfigurations = (
				A76A5E52200DA4D9001353BF /* Debug */,
				A76A5E53200DA4D9001353BF /* Release */,
			);
			defaultConfigurationIsVisible = 0;
			defaultConfigurationName = Release;
		};
/* End XCConfigurationList section */
	};
	rootObject = A76A5E33200DA4D9001353BF /* Project object */;
}
